// !$*UTF8*$!
{
	archiveVersion = 1;
	classes = {
	};
	objectVersion = 55;
	objects = {

/* Begin PBXBuildFile section */
		5F0E53C32860B098007ED584 /* RechercheViewController.swift in Sources */ = {isa = PBXBuildFile; fileRef = 5F0E53C22860B098007ED584 /* RechercheViewController.swift */; };
		5F2E3E1C27FD8769000EEA9A /* AppDelegate.swift in Sources */ = {isa = PBXBuildFile; fileRef = 5F2E3E1B27FD8769000EEA9A /* AppDelegate.swift */; };
		5F2E3E1E27FD8769000EEA9A /* SceneDelegate.swift in Sources */ = {isa = PBXBuildFile; fileRef = 5F2E3E1D27FD8769000EEA9A /* SceneDelegate.swift */; };
		5F2E3E2027FD8769000EEA9A /* ViewController.swift in Sources */ = {isa = PBXBuildFile; fileRef = 5F2E3E1F27FD8769000EEA9A /* ViewController.swift */; };
		5F2E3E2327FD8769000EEA9A /* Main.storyboard in Resources */ = {isa = PBXBuildFile; fileRef = 5F2E3E2127FD8769000EEA9A /* Main.storyboard */; };
		5F2E3E2527FD876A000EEA9A /* Assets.xcassets in Resources */ = {isa = PBXBuildFile; fileRef = 5F2E3E2427FD876A000EEA9A /* Assets.xcassets */; };
		5F2E3E2827FD876A000EEA9A /* LaunchScreen.storyboard in Resources */ = {isa = PBXBuildFile; fileRef = 5F2E3E2627FD876A000EEA9A /* LaunchScreen.storyboard */; };
		5F2E3E3327FD876A000EEA9A /* CooknyummyTests.swift in Sources */ = {isa = PBXBuildFile; fileRef = 5F2E3E3227FD876A000EEA9A /* CooknyummyTests.swift */; };
		5F2E3E3D27FD876A000EEA9A /* CooknyummyUITests.swift in Sources */ = {isa = PBXBuildFile; fileRef = 5F2E3E3C27FD876A000EEA9A /* CooknyummyUITests.swift */; };
		5F2E3E3F27FD876A000EEA9A /* CooknyummyUITestsLaunchTests.swift in Sources */ = {isa = PBXBuildFile; fileRef = 5F2E3E3E27FD876A000EEA9A /* CooknyummyUITestsLaunchTests.swift */; };
		5F9C80BD28649FAC006D09DE /* DescriptionViewController.swift in Sources */ = {isa = PBXBuildFile; fileRef = 5F9C80BC28649FAC006D09DE /* DescriptionViewController.swift */; };
		5F9C80BF2864C4CB006D09DE /* MinuteurViewController.swift in Sources */ = {isa = PBXBuildFile; fileRef = 5F9C80BE2864C4CB006D09DE /* MinuteurViewController.swift */; };
		5F9C80C12864CE69006D09DE /* alarm.mp3 in Resources */ = {isa = PBXBuildFile; fileRef = 5F9C80C02864CE69006D09DE /* alarm.mp3 */; };
		5FD2DB732869F07F000F1AB7 /* logo.png in Resources */ = {isa = PBXBuildFile; fileRef = 5FD2DB722869F07F000F1AB7 /* logo.png */; };
		5FD2DB752869F5B5000F1AB7 /* receipes.json in Resources */ = {isa = PBXBuildFile; fileRef = 5FD2DB742869F5B5000F1AB7 /* receipes.json */; };
		5FD2DB772869F903000F1AB7 /* JsonDecoder.swift in Sources */ = {isa = PBXBuildFile; fileRef = 5FD2DB762869F903000F1AB7 /* JsonDecoder.swift */; };
		5FD2E73D286C850800E340F1 /* cassoulet.webp in Resources */ = {isa = PBXBuildFile; fileRef = 5FD2E73C286C850800E340F1 /* cassoulet.webp */; };
		5FD2E73F286C852400E340F1 /* ratatouille.jpeg in Resources */ = {isa = PBXBuildFile; fileRef = 5FD2E73E286C852300E340F1 /* ratatouille.jpeg */; };
		5FD2E741286C858F00E340F1 /* cassou.jpeg in Resources */ = {isa = PBXBuildFile; fileRef = 5FD2E740286C858F00E340F1 /* cassou.jpeg */; };
		5FD2E743286C89CB00E340F1 /* CustomCollectionViewCell.swift in Sources */ = {isa = PBXBuildFile; fileRef = 5FD2E742286C89CB00E340F1 /* CustomCollectionViewCell.swift */; };
		5FD724F6283E215D00C47C27 /* PreferencesViewController.swift in Sources */ = {isa = PBXBuildFile; fileRef = 5FD724F5283E215D00C47C27 /* PreferencesViewController.swift */; };
		5FD724FC283E2B7400C47C27 /* RecettesView.swift in Sources */ = {isa = PBXBuildFile; fileRef = 5FD724FB283E2B7400C47C27 /* RecettesView.swift */; };
		5FDC434B28475BF700BF16B6 /* OmnivoreDecouverteViewController.swift in Sources */ = {isa = PBXBuildFile; fileRef = 5FDC434A28475BF700BF16B6 /* OmnivoreDecouverteViewController.swift */; };
		AFFD5770286F195F006A5683 /* Main.storyboard.xml in Resources */ = {isa = PBXBuildFile; fileRef = AFFD576E286F195F006A5683 /* Main.storyboard.xml */; };
		AFFD5773286F1971006A5683 /* LaunchScreen.storyboard.xml in Resources */ = {isa = PBXBuildFile; fileRef = AFFD5771286F1971006A5683 /* LaunchScreen.storyboard.xml */; };
/* End PBXBuildFile section */

/* Begin PBXContainerItemProxy section */
		5F2E3E2F27FD876A000EEA9A /* PBXContainerItemProxy */ = {
			isa = PBXContainerItemProxy;
			containerPortal = 5F2E3E1027FD8769000EEA9A /* Project object */;
			proxyType = 1;
			remoteGlobalIDString = 5F2E3E1727FD8769000EEA9A;
			remoteInfo = Cooknyummy;
		};
		5F2E3E3927FD876A000EEA9A /* PBXContainerItemProxy */ = {
			isa = PBXContainerItemProxy;
			containerPortal = 5F2E3E1027FD8769000EEA9A /* Project object */;
			proxyType = 1;
			remoteGlobalIDString = 5F2E3E1727FD8769000EEA9A;
			remoteInfo = Cooknyummy;
		};
/* End PBXContainerItemProxy section */

/* Begin PBXFileReference section */
		5F0E53C22860B098007ED584 /* RechercheViewController.swift */ = {isa = PBXFileReference; lastKnownFileType = sourcecode.swift; path = RechercheViewController.swift; sourceTree = "<group>"; };
		5F2E3E1827FD8769000EEA9A /* Cooknyummy.app */ = {isa = PBXFileReference; explicitFileType = wrapper.application; includeInIndex = 0; path = Cooknyummy.app; sourceTree = BUILT_PRODUCTS_DIR; };
		5F2E3E1B27FD8769000EEA9A /* AppDelegate.swift */ = {isa = PBXFileReference; lastKnownFileType = sourcecode.swift; path = AppDelegate.swift; sourceTree = "<group>"; };
		5F2E3E1D27FD8769000EEA9A /* SceneDelegate.swift */ = {isa = PBXFileReference; lastKnownFileType = sourcecode.swift; path = SceneDelegate.swift; sourceTree = "<group>"; };
		5F2E3E1F27FD8769000EEA9A /* ViewController.swift */ = {isa = PBXFileReference; lastKnownFileType = sourcecode.swift; path = ViewController.swift; sourceTree = "<group>"; };
		5F2E3E2227FD8769000EEA9A /* Base */ = {isa = PBXFileReference; lastKnownFileType = file.storyboard; name = Base; path = Base.lproj/Main.storyboard; sourceTree = "<group>"; };
		5F2E3E2427FD876A000EEA9A /* Assets.xcassets */ = {isa = PBXFileReference; lastKnownFileType = folder.assetcatalog; path = Assets.xcassets; sourceTree = "<group>"; };
		5F2E3E2727FD876A000EEA9A /* Base */ = {isa = PBXFileReference; lastKnownFileType = file.storyboard; name = Base; path = Base.lproj/LaunchScreen.storyboard; sourceTree = "<group>"; };
		5F2E3E2927FD876A000EEA9A /* Info.plist */ = {isa = PBXFileReference; lastKnownFileType = text.plist.xml; path = Info.plist; sourceTree = "<group>"; };
		5F2E3E2E27FD876A000EEA9A /* CooknyummyTests.xctest */ = {isa = PBXFileReference; explicitFileType = wrapper.cfbundle; includeInIndex = 0; path = CooknyummyTests.xctest; sourceTree = BUILT_PRODUCTS_DIR; };
		5F2E3E3227FD876A000EEA9A /* CooknyummyTests.swift */ = {isa = PBXFileReference; lastKnownFileType = sourcecode.swift; path = CooknyummyTests.swift; sourceTree = "<group>"; };
		5F2E3E3827FD876A000EEA9A /* CooknyummyUITests.xctest */ = {isa = PBXFileReference; explicitFileType = wrapper.cfbundle; includeInIndex = 0; path = CooknyummyUITests.xctest; sourceTree = BUILT_PRODUCTS_DIR; };
		5F2E3E3C27FD876A000EEA9A /* CooknyummyUITests.swift */ = {isa = PBXFileReference; lastKnownFileType = sourcecode.swift; path = CooknyummyUITests.swift; sourceTree = "<group>"; };
		5F2E3E3E27FD876A000EEA9A /* CooknyummyUITestsLaunchTests.swift */ = {isa = PBXFileReference; lastKnownFileType = sourcecode.swift; path = CooknyummyUITestsLaunchTests.swift; sourceTree = "<group>"; };
		5F9C80BC28649FAC006D09DE /* DescriptionViewController.swift */ = {isa = PBXFileReference; lastKnownFileType = sourcecode.swift; path = DescriptionViewController.swift; sourceTree = "<group>"; };
		5F9C80BE2864C4CB006D09DE /* MinuteurViewController.swift */ = {isa = PBXFileReference; lastKnownFileType = sourcecode.swift; path = MinuteurViewController.swift; sourceTree = "<group>"; };
		5F9C80C02864CE69006D09DE /* alarm.mp3 */ = {isa = PBXFileReference; lastKnownFileType = audio.mp3; path = alarm.mp3; sourceTree = "<group>"; };
		5FD2DB722869F07F000F1AB7 /* logo.png */ = {isa = PBXFileReference; lastKnownFileType = image.png; path = logo.png; sourceTree = "<group>"; };
		5FD2DB742869F5B5000F1AB7 /* receipes.json */ = {isa = PBXFileReference; fileEncoding = 4; lastKnownFileType = text.json; path = receipes.json; sourceTree = "<group>"; };
		5FD2DB762869F903000F1AB7 /* JsonDecoder.swift */ = {isa = PBXFileReference; lastKnownFileType = sourcecode.swift; path = JsonDecoder.swift; sourceTree = "<group>"; };
		5FD2E73C286C850800E340F1 /* cassoulet.webp */ = {isa = PBXFileReference; lastKnownFileType = file; path = cassoulet.webp; sourceTree = "<group>"; };
		5FD2E73E286C852300E340F1 /* ratatouille.jpeg */ = {isa = PBXFileReference; lastKnownFileType = image.jpeg; path = ratatouille.jpeg; sourceTree = "<group>"; };
		5FD2E740286C858F00E340F1 /* cassou.jpeg */ = {isa = PBXFileReference; lastKnownFileType = image.jpeg; path = cassou.jpeg; sourceTree = "<group>"; };
		5FD2E742286C89CB00E340F1 /* CustomCollectionViewCell.swift */ = {isa = PBXFileReference; lastKnownFileType = sourcecode.swift; path = CustomCollectionViewCell.swift; sourceTree = "<group>"; };
		5FD724F5283E215D00C47C27 /* PreferencesViewController.swift */ = {isa = PBXFileReference; lastKnownFileType = sourcecode.swift; path = PreferencesViewController.swift; sourceTree = "<group>"; };
		5FD724FB283E2B7400C47C27 /* RecettesView.swift */ = {isa = PBXFileReference; lastKnownFileType = sourcecode.swift; path = RecettesView.swift; sourceTree = "<group>"; };
		5FDC434A28475BF700BF16B6 /* OmnivoreDecouverteViewController.swift */ = {isa = PBXFileReference; lastKnownFileType = sourcecode.swift; path = OmnivoreDecouverteViewController.swift; sourceTree = "<group>"; };
		AFFD576F286F195F006A5683 /* Base */ = {isa = PBXFileReference; lastKnownFileType = text.xml; name = Base; path = Base.lproj/Main.storyboard.xml; sourceTree = "<group>"; };
		AFFD5772286F1971006A5683 /* Base */ = {isa = PBXFileReference; lastKnownFileType = text.xml; name = Base; path = Base.lproj/LaunchScreen.storyboard.xml; sourceTree = "<group>"; };
/* End PBXFileReference section */

/* Begin PBXFrameworksBuildPhase section */
		5F2E3E1527FD8769000EEA9A /* Frameworks */ = {
			isa = PBXFrameworksBuildPhase;
			buildActionMask = 2147483647;
			files = (
			);
			runOnlyForDeploymentPostprocessing = 0;
		};
		5F2E3E2B27FD876A000EEA9A /* Frameworks */ = {
			isa = PBXFrameworksBuildPhase;
			buildActionMask = 2147483647;
			files = (
			);
			runOnlyForDeploymentPostprocessing = 0;
		};
		5F2E3E3527FD876A000EEA9A /* Frameworks */ = {
			isa = PBXFrameworksBuildPhase;
			buildActionMask = 2147483647;
			files = (
			);
			runOnlyForDeploymentPostprocessing = 0;
		};
/* End PBXFrameworksBuildPhase section */

/* Begin PBXGroup section */
		5F2E3E0F27FD8769000EEA9A = {
			isa = PBXGroup;
			children = (
				5F2E3E1A27FD8769000EEA9A /* Cooknyummy */,
				5F2E3E3127FD876A000EEA9A /* CooknyummyTests */,
				5F2E3E3B27FD876A000EEA9A /* CooknyummyUITests */,
				5F2E3E1927FD8769000EEA9A /* Products */,
			);
			sourceTree = "<group>";
		};
		5F2E3E1927FD8769000EEA9A /* Products */ = {
			isa = PBXGroup;
			children = (
				5F2E3E1827FD8769000EEA9A /* Cooknyummy.app */,
				5F2E3E2E27FD876A000EEA9A /* CooknyummyTests.xctest */,
				5F2E3E3827FD876A000EEA9A /* CooknyummyUITests.xctest */,
			);
			name = Products;
			sourceTree = "<group>";
		};
		5F2E3E1A27FD8769000EEA9A /* Cooknyummy */ = {
			isa = PBXGroup;
			children = (
				AFFD5771286F1971006A5683 /* LaunchScreen.storyboard.xml */,
				AFFD576E286F195F006A5683 /* Main.storyboard.xml */,
				5FD2E740286C858F00E340F1 /* cassou.jpeg */,
				5FD2E73E286C852300E340F1 /* ratatouille.jpeg */,
				5FD2E73C286C850800E340F1 /* cassoulet.webp */,
				5FD2DB742869F5B5000F1AB7 /* receipes.json */,
				5F9C80C02864CE69006D09DE /* alarm.mp3 */,
				5F2E3E1B27FD8769000EEA9A /* AppDelegate.swift */,
				5F2E3E1D27FD8769000EEA9A /* SceneDelegate.swift */,
				5F2E3E1F27FD8769000EEA9A /* ViewController.swift */,
				5F2E3E2127FD8769000EEA9A /* Main.storyboard */,
				5F2E3E2427FD876A000EEA9A /* Assets.xcassets */,
				5FD2DB722869F07F000F1AB7 /* logo.png */,
				5F2E3E2627FD876A000EEA9A /* LaunchScreen.storyboard */,
				5F2E3E2927FD876A000EEA9A /* Info.plist */,
				5FD724F5283E215D00C47C27 /* PreferencesViewController.swift */,
				5FD724FB283E2B7400C47C27 /* RecettesView.swift */,
				5FDC434A28475BF700BF16B6 /* OmnivoreDecouverteViewController.swift */,
				5F0E53C22860B098007ED584 /* RechercheViewController.swift */,
				5F9C80BC28649FAC006D09DE /* DescriptionViewController.swift */,
				5F9C80BE2864C4CB006D09DE /* MinuteurViewController.swift */,
				5FD2DB762869F903000F1AB7 /* JsonDecoder.swift */,
				5FD2E742286C89CB00E340F1 /* CustomCollectionViewCell.swift */,
			);
			path = Cooknyummy;
			sourceTree = "<group>";
		};
		5F2E3E3127FD876A000EEA9A /* CooknyummyTests */ = {
			isa = PBXGroup;
			children = (
				5F2E3E3227FD876A000EEA9A /* CooknyummyTests.swift */,
			);
			path = CooknyummyTests;
			sourceTree = "<group>";
		};
		5F2E3E3B27FD876A000EEA9A /* CooknyummyUITests */ = {
			isa = PBXGroup;
			children = (
				5F2E3E3C27FD876A000EEA9A /* CooknyummyUITests.swift */,
				5F2E3E3E27FD876A000EEA9A /* CooknyummyUITestsLaunchTests.swift */,
			);
			path = CooknyummyUITests;
			sourceTree = "<group>";
		};
/* End PBXGroup section */

/* Begin PBXNativeTarget section */
		5F2E3E1727FD8769000EEA9A /* Cooknyummy */ = {
			isa = PBXNativeTarget;
			buildConfigurationList = 5F2E3E4227FD876A000EEA9A /* Build configuration list for PBXNativeTarget "Cooknyummy" */;
			buildPhases = (
				5F2E3E1427FD8769000EEA9A /* Sources */,
				5F2E3E1527FD8769000EEA9A /* Frameworks */,
				5F2E3E1627FD8769000EEA9A /* Resources */,
			);
			buildRules = (
			);
			dependencies = (
			);
			name = Cooknyummy;
			productName = Cooknyummy;
			productReference = 5F2E3E1827FD8769000EEA9A /* Cooknyummy.app */;
			productType = "com.apple.product-type.application";
		};
		5F2E3E2D27FD876A000EEA9A /* CooknyummyTests */ = {
			isa = PBXNativeTarget;
			buildConfigurationList = 5F2E3E4527FD876A000EEA9A /* Build configuration list for PBXNativeTarget "CooknyummyTests" */;
			buildPhases = (
				5F2E3E2A27FD876A000EEA9A /* Sources */,
				5F2E3E2B27FD876A000EEA9A /* Frameworks */,
				5F2E3E2C27FD876A000EEA9A /* Resources */,
			);
			buildRules = (
			);
			dependencies = (
				5F2E3E3027FD876A000EEA9A /* PBXTargetDependency */,
			);
			name = CooknyummyTests;
			productName = CooknyummyTests;
			productReference = 5F2E3E2E27FD876A000EEA9A /* CooknyummyTests.xctest */;
			productType = "com.apple.product-type.bundle.unit-test";
		};
		5F2E3E3727FD876A000EEA9A /* CooknyummyUITests */ = {
			isa = PBXNativeTarget;
			buildConfigurationList = 5F2E3E4827FD876A000EEA9A /* Build configuration list for PBXNativeTarget "CooknyummyUITests" */;
			buildPhases = (
				5F2E3E3427FD876A000EEA9A /* Sources */,
				5F2E3E3527FD876A000EEA9A /* Frameworks */,
				5F2E3E3627FD876A000EEA9A /* Resources */,
			);
			buildRules = (
			);
			dependencies = (
				5F2E3E3A27FD876A000EEA9A /* PBXTargetDependency */,
			);
			name = CooknyummyUITests;
			productName = CooknyummyUITests;
			productReference = 5F2E3E3827FD876A000EEA9A /* CooknyummyUITests.xctest */;
			productType = "com.apple.product-type.bundle.ui-testing";
		};
/* End PBXNativeTarget section */

/* Begin PBXProject section */
		5F2E3E1027FD8769000EEA9A /* Project object */ = {
			isa = PBXProject;
			attributes = {
				BuildIndependentTargetsInParallel = 1;
				LastSwiftUpdateCheck = 1300;
				LastUpgradeCheck = 1300;
				TargetAttributes = {
					5F2E3E1727FD8769000EEA9A = {
						CreatedOnToolsVersion = 13.0;
					};
					5F2E3E2D27FD876A000EEA9A = {
						CreatedOnToolsVersion = 13.0;
						TestTargetID = 5F2E3E1727FD8769000EEA9A;
					};
					5F2E3E3727FD876A000EEA9A = {
						CreatedOnToolsVersion = 13.0;
						TestTargetID = 5F2E3E1727FD8769000EEA9A;
					};
				};
			};
			buildConfigurationList = 5F2E3E1327FD8769000EEA9A /* Build configuration list for PBXProject "Cooknyummy" */;
			compatibilityVersion = "Xcode 13.0";
			developmentRegion = en;
			hasScannedForEncodings = 0;
			knownRegions = (
				en,
				Base,
			);
			mainGroup = 5F2E3E0F27FD8769000EEA9A;
			productRefGroup = 5F2E3E1927FD8769000EEA9A /* Products */;
			projectDirPath = "";
			projectRoot = "";
			targets = (
				5F2E3E1727FD8769000EEA9A /* Cooknyummy */,
				5F2E3E2D27FD876A000EEA9A /* CooknyummyTests */,
				5F2E3E3727FD876A000EEA9A /* CooknyummyUITests */,
			);
		};
/* End PBXProject section */

/* Begin PBXResourcesBuildPhase section */
		5F2E3E1627FD8769000EEA9A /* Resources */ = {
			isa = PBXResourcesBuildPhase;
			buildActionMask = 2147483647;
			files = (
				5F9C80C12864CE69006D09DE /* alarm.mp3 in Resources */,
				5FD2DB752869F5B5000F1AB7 /* receipes.json in Resources */,
				5FD2E73F286C852400E340F1 /* ratatouille.jpeg in Resources */,
				5FD2DB732869F07F000F1AB7 /* logo.png in Resources */,
				AFFD5773286F1971006A5683 /* LaunchScreen.storyboard.xml in Resources */,
				5FD2E741286C858F00E340F1 /* cassou.jpeg in Resources */,
				5F2E3E2827FD876A000EEA9A /* LaunchScreen.storyboard in Resources */,
				AFFD5770286F195F006A5683 /* Main.storyboard.xml in Resources */,
				5FD2E73D286C850800E340F1 /* cassoulet.webp in Resources */,
				5F2E3E2527FD876A000EEA9A /* Assets.xcassets in Resources */,
				5F2E3E2327FD8769000EEA9A /* Main.storyboard in Resources */,
			);
			runOnlyForDeploymentPostprocessing = 0;
		};
		5F2E3E2C27FD876A000EEA9A /* Resources */ = {
			isa = PBXResourcesBuildPhase;
			buildActionMask = 2147483647;
			files = (
			);
			runOnlyForDeploymentPostprocessing = 0;
		};
		5F2E3E3627FD876A000EEA9A /* Resources */ = {
			isa = PBXResourcesBuildPhase;
			buildActionMask = 2147483647;
			files = (
			);
			runOnlyForDeploymentPostprocessing = 0;
		};
/* End PBXResourcesBuildPhase section */

/* Begin PBXSourcesBuildPhase section */
		5F2E3E1427FD8769000EEA9A /* Sources */ = {
			isa = PBXSourcesBuildPhase;
			buildActionMask = 2147483647;
			files = (
				5F2E3E2027FD8769000EEA9A /* ViewController.swift in Sources */,
				5F0E53C32860B098007ED584 /* RechercheViewController.swift in Sources */,
				5FDC434B28475BF700BF16B6 /* OmnivoreDecouverteViewController.swift in Sources */,
				5FD724F6283E215D00C47C27 /* PreferencesViewController.swift in Sources */,
				5F2E3E1C27FD8769000EEA9A /* AppDelegate.swift in Sources */,
				5F9C80BF2864C4CB006D09DE /* MinuteurViewController.swift in Sources */,
				5FD2DB772869F903000F1AB7 /* JsonDecoder.swift in Sources */,
				5F9C80BD28649FAC006D09DE /* DescriptionViewController.swift in Sources */,
				5F2E3E1E27FD8769000EEA9A /* SceneDelegate.swift in Sources */,
				5FD724FC283E2B7400C47C27 /* RecettesView.swift in Sources */,
				5FD2E743286C89CB00E340F1 /* CustomCollectionViewCell.swift in Sources */,
			);
			runOnlyForDeploymentPostprocessing = 0;
		};
		5F2E3E2A27FD876A000EEA9A /* Sources */ = {
			isa = PBXSourcesBuildPhase;
			buildActionMask = 2147483647;
			files = (
				5F2E3E3327FD876A000EEA9A /* CooknyummyTests.swift in Sources */,
			);
			runOnlyForDeploymentPostprocessing = 0;
		};
		5F2E3E3427FD876A000EEA9A /* Sources */ = {
			isa = PBXSourcesBuildPhase;
			buildActionMask = 2147483647;
			files = (
				5F2E3E3D27FD876A000EEA9A /* CooknyummyUITests.swift in Sources */,
				5F2E3E3F27FD876A000EEA9A /* CooknyummyUITestsLaunchTests.swift in Sources */,
			);
			runOnlyForDeploymentPostprocessing = 0;
		};
/* End PBXSourcesBuildPhase section */

/* Begin PBXTargetDependency section */
		5F2E3E3027FD876A000EEA9A /* PBXTargetDependency */ = {
			isa = PBXTargetDependency;
			target = 5F2E3E1727FD8769000EEA9A /* Cooknyummy */;
			targetProxy = 5F2E3E2F27FD876A000EEA9A /* PBXContainerItemProxy */;
		};
		5F2E3E3A27FD876A000EEA9A /* PBXTargetDependency */ = {
			isa = PBXTargetDependency;
			target = 5F2E3E1727FD8769000EEA9A /* Cooknyummy */;
			targetProxy = 5F2E3E3927FD876A000EEA9A /* PBXContainerItemProxy */;
		};
/* End PBXTargetDependency section */

/* Begin PBXVariantGroup section */
		5F2E3E2127FD8769000EEA9A /* Main.storyboard */ = {
			isa = PBXVariantGroup;
			children = (
				5F2E3E2227FD8769000EEA9A /* Base */,
			);
			name = Main.storyboard;
			sourceTree = "<group>";
		};
		5F2E3E2627FD876A000EEA9A /* LaunchScreen.storyboard */ = {
			isa = PBXVariantGroup;
			children = (
				5F2E3E2727FD876A000EEA9A /* Base */,
			);
			name = LaunchScreen.storyboard;
			sourceTree = "<group>";
		};
		AFFD576E286F195F006A5683 /* Main.storyboard.xml */ = {
			isa = PBXVariantGroup;
			children = (
				AFFD576F286F195F006A5683 /* Base */,
			);
			name = Main.storyboard.xml;
			sourceTree = "<group>";
		};
		AFFD5771286F1971006A5683 /* LaunchScreen.storyboard.xml */ = {
			isa = PBXVariantGroup;
			children = (
				AFFD5772286F1971006A5683 /* Base */,
			);
			name = LaunchScreen.storyboard.xml;
			sourceTree = "<group>";
		};
/* End PBXVariantGroup section */

/* Begin XCBuildConfiguration section */
		5F2E3E4027FD876A000EEA9A /* Debug */ = {
			isa = XCBuildConfiguration;
			buildSettings = {
				ALWAYS_SEARCH_USER_PATHS = NO;
				CLANG_ANALYZER_NONNULL = YES;
				CLANG_ANALYZER_NUMBER_OBJECT_CONVERSION = YES_AGGRESSIVE;
				CLANG_CXX_LANGUAGE_STANDARD = "gnu++17";
				CLANG_CXX_LIBRARY = "libc++";
				CLANG_ENABLE_MODULES = YES;
				CLANG_ENABLE_OBJC_ARC = YES;
				CLANG_ENABLE_OBJC_WEAK = YES;
				CLANG_WARN_BLOCK_CAPTURE_AUTORELEASING = YES;
				CLANG_WARN_BOOL_CONVERSION = YES;
				CLANG_WARN_COMMA = YES;
				CLANG_WARN_CONSTANT_CONVERSION = YES;
				CLANG_WARN_DEPRECATED_OBJC_IMPLEMENTATIONS = YES;
				CLANG_WARN_DIRECT_OBJC_ISA_USAGE = YES_ERROR;
				CLANG_WARN_DOCUMENTATION_COMMENTS = YES;
				CLANG_WARN_EMPTY_BODY = YES;
				CLANG_WARN_ENUM_CONVERSION = YES;
				CLANG_WARN_INFINITE_RECURSION = YES;
				CLANG_WARN_INT_CONVERSION = YES;
				CLANG_WARN_NON_LITERAL_NULL_CONVERSION = YES;
				CLANG_WARN_OBJC_IMPLICIT_RETAIN_SELF = YES;
				CLANG_WARN_OBJC_LITERAL_CONVERSION = YES;
				CLANG_WARN_OBJC_ROOT_CLASS = YES_ERROR;
				CLANG_WARN_QUOTED_INCLUDE_IN_FRAMEWORK_HEADER = YES;
				CLANG_WARN_RANGE_LOOP_ANALYSIS = YES;
				CLANG_WARN_STRICT_PROTOTYPES = YES;
				CLANG_WARN_SUSPICIOUS_MOVE = YES;
				CLANG_WARN_UNGUARDED_AVAILABILITY = YES_AGGRESSIVE;
				CLANG_WARN_UNREACHABLE_CODE = YES;
				CLANG_WARN__DUPLICATE_METHOD_MATCH = YES;
				COPY_PHASE_STRIP = NO;
				DEBUG_INFORMATION_FORMAT = dwarf;
				ENABLE_STRICT_OBJC_MSGSEND = YES;
				ENABLE_TESTABILITY = YES;
				GCC_C_LANGUAGE_STANDARD = gnu11;
				GCC_DYNAMIC_NO_PIC = NO;
				GCC_NO_COMMON_BLOCKS = YES;
				GCC_OPTIMIZATION_LEVEL = 0;
				GCC_PREPROCESSOR_DEFINITIONS = (
					"DEBUG=1",
					"$(inherited)",
				);
				GCC_WARN_64_TO_32_BIT_CONVERSION = YES;
				GCC_WARN_ABOUT_RETURN_TYPE = YES_ERROR;
				GCC_WARN_UNDECLARED_SELECTOR = YES;
				GCC_WARN_UNINITIALIZED_AUTOS = YES_AGGRESSIVE;
				GCC_WARN_UNUSED_FUNCTION = YES;
				GCC_WARN_UNUSED_VARIABLE = YES;
				IPHONEOS_DEPLOYMENT_TARGET = 15.0;
				MTL_ENABLE_DEBUG_INFO = INCLUDE_SOURCE;
				MTL_FAST_MATH = YES;
				ONLY_ACTIVE_ARCH = YES;
				SDKROOT = iphoneos;
				SWIFT_ACTIVE_COMPILATION_CONDITIONS = DEBUG;
				SWIFT_OPTIMIZATION_LEVEL = "-Onone";
			};
			name = Debug;
		};
		5F2E3E4127FD876A000EEA9A /* Release */ = {
			isa = XCBuildConfiguration;
			buildSettings = {
				ALWAYS_SEARCH_USER_PATHS = NO;
				CLANG_ANALYZER_NONNULL = YES;
				CLANG_ANALYZER_NUMBER_OBJECT_CONVERSION = YES_AGGRESSIVE;
				CLANG_CXX_LANGUAGE_STANDARD = "gnu++17";
				CLANG_CXX_LIBRARY = "libc++";
				CLANG_ENABLE_MODULES = YES;
				CLANG_ENABLE_OBJC_ARC = YES;
				CLANG_ENABLE_OBJC_WEAK = YES;
				CLANG_WARN_BLOCK_CAPTURE_AUTORELEASING = YES;
				CLANG_WARN_BOOL_CONVERSION = YES;
				CLANG_WARN_COMMA = YES;
				CLANG_WARN_CONSTANT_CONVERSION = YES;
				CLANG_WARN_DEPRECATED_OBJC_IMPLEMENTATIONS = YES;
				CLANG_WARN_DIRECT_OBJC_ISA_USAGE = YES_ERROR;
				CLANG_WARN_DOCUMENTATION_COMMENTS = YES;
				CLANG_WARN_EMPTY_BODY = YES;
				CLANG_WARN_ENUM_CONVERSION = YES;
				CLANG_WARN_INFINITE_RECURSION = YES;
				CLANG_WARN_INT_CONVERSION = YES;
				CLANG_WARN_NON_LITERAL_NULL_CONVERSION = YES;
				CLANG_WARN_OBJC_IMPLICIT_RETAIN_SELF = YES;
				CLANG_WARN_OBJC_LITERAL_CONVERSION = YES;
				CLANG_WARN_OBJC_ROOT_CLASS = YES_ERROR;
				CLANG_WARN_QUOTED_INCLUDE_IN_FRAMEWORK_HEADER = YES;
				CLANG_WARN_RANGE_LOOP_ANALYSIS = YES;
				CLANG_WARN_STRICT_PROTOTYPES = YES;
				CLANG_WARN_SUSPICIOUS_MOVE = YES;
				CLANG_WARN_UNGUARDED_AVAILABILITY = YES_AGGRESSIVE;
				CLANG_WARN_UNREACHABLE_CODE = YES;
				CLANG_WARN__DUPLICATE_METHOD_MATCH = YES;
				COPY_PHASE_STRIP = NO;
				DEBUG_INFORMATION_FORMAT = "dwarf-with-dsym";
				ENABLE_NS_ASSERTIONS = NO;
				ENABLE_STRICT_OBJC_MSGSEND = YES;
				GCC_C_LANGUAGE_STANDARD = gnu11;
				GCC_NO_COMMON_BLOCKS = YES;
				GCC_WARN_64_TO_32_BIT_CONVERSION = YES;
				GCC_WARN_ABOUT_RETURN_TYPE = YES_ERROR;
				GCC_WARN_UNDECLARED_SELECTOR = YES;
				GCC_WARN_UNINITIALIZED_AUTOS = YES_AGGRESSIVE;
				GCC_WARN_UNUSED_FUNCTION = YES;
				GCC_WARN_UNUSED_VARIABLE = YES;
				IPHONEOS_DEPLOYMENT_TARGET = 15.0;
				MTL_ENABLE_DEBUG_INFO = NO;
				MTL_FAST_MATH = YES;
				SDKROOT = iphoneos;
				SWIFT_COMPILATION_MODE = wholemodule;
				SWIFT_OPTIMIZATION_LEVEL = "-O";
				VALIDATE_PRODUCT = YES;
			};
			name = Release;
		};
		5F2E3E4327FD876A000EEA9A /* Debug */ = {
			isa = XCBuildConfiguration;
			buildSettings = {
				ASSETCATALOG_COMPILER_APPICON_NAME = AppIcon;
				ASSETCATALOG_COMPILER_GLOBAL_ACCENT_COLOR_NAME = AccentColor;
				CLANG_USE_OPTIMIZATION_PROFILE = NO;
				CODE_SIGN_STYLE = Automatic;
				CURRENT_PROJECT_VERSION = 1;
				DEVELOPMENT_TEAM = V2SU2ZLC6Q;
				GENERATE_INFOPLIST_FILE = YES;
				INFOPLIST_FILE = Cooknyummy/Info.plist;
				INFOPLIST_KEY_NSCameraUsageDescription = "This app will use camera.";
				INFOPLIST_KEY_NSPhotoLibraryAddUsageDescription = "Please allow access to save photo in your photo library";
				INFOPLIST_KEY_NSPhotoLibraryUsageDescription = "You can select photos to attach to reports.";
				INFOPLIST_KEY_UIApplicationSupportsIndirectInputEvents = YES;
				INFOPLIST_KEY_UILaunchStoryboardName = LaunchScreen;
				INFOPLIST_KEY_UIMainStoryboardFile = Main;
				INFOPLIST_KEY_UISupportedInterfaceOrientations_iPad = "UIInterfaceOrientationPortrait UIInterfaceOrientationPortraitUpsideDown UIInterfaceOrientationLandscapeLeft UIInterfaceOrientationLandscapeRight";
				INFOPLIST_KEY_UISupportedInterfaceOrientations_iPhone = "UIInterfaceOrientationPortrait UIInterfaceOrientationLandscapeLeft UIInterfaceOrientationLandscapeRight";
				LD_RUNPATH_SEARCH_PATHS = (
					"$(inherited)",
					"@executable_path/Frameworks",
				);
				MARKETING_VERSION = 1.0;
				NEW_SETTING = "";
				PRODUCT_BUNDLE_IDENTIFIER = M1Miage.Cooknyummy;
				PRODUCT_NAME = "$(TARGET_NAME)";
				SWIFT_EMIT_LOC_STRINGS = YES;
				SWIFT_VERSION = 5.0;
				TARGETED_DEVICE_FAMILY = "1,2";
			};
			name = Debug;
		};
		5F2E3E4427FD876A000EEA9A /* Release */ = {
			isa = XCBuildConfiguration;
			buildSettings = {
				ASSETCATALOG_COMPILER_APPICON_NAME = AppIcon;
				ASSETCATALOG_COMPILER_GLOBAL_ACCENT_COLOR_NAME = AccentColor;
				CLANG_USE_OPTIMIZATION_PROFILE = NO;
				CODE_SIGN_IDENTITY = "Apple Development";
				CODE_SIGN_STYLE = Automatic;
				CURRENT_PROJECT_VERSION = 1;
				DEVELOPMENT_TEAM = V2SU2ZLC6Q;
				GENERATE_INFOPLIST_FILE = YES;
				INFOPLIST_FILE = Cooknyummy/Info.plist;
				INFOPLIST_KEY_NSCameraUsageDescription = "This app will use camera.";
				INFOPLIST_KEY_NSPhotoLibraryAddUsageDescription = "Please allow access to save photo in your photo library";
				INFOPLIST_KEY_NSPhotoLibraryUsageDescription = "You can select photos to attach to reports.";
				INFOPLIST_KEY_UIApplicationSupportsIndirectInputEvents = YES;
				INFOPLIST_KEY_UILaunchStoryboardName = LaunchScreen;
				INFOPLIST_KEY_UIMainStoryboardFile = Main;
				INFOPLIST_KEY_UISupportedInterfaceOrientations_iPad = "UIInterfaceOrientationPortrait UIInterfaceOrientationPortraitUpsideDown UIInterfaceOrientationLandscapeLeft UIInterfaceOrientationLandscapeRight";
				INFOPLIST_KEY_UISupportedInterfaceOrientations_iPhone = "UIInterfaceOrientationPortrait UIInterfaceOrientationLandscapeLeft UIInterfaceOrientationLandscapeRight";
				LD_RUNPATH_SEARCH_PATHS = (
					"$(inherited)",
					"@executable_path/Frameworks",
				);
				MARKETING_VERSION = 1.0;
				NEW_SETTING = "";
				PRODUCT_BUNDLE_IDENTIFIER = M1Miage.Cooknyummy;
				PRODUCT_NAME = "$(TARGET_NAME)";
				PROVISIONING_PROFILE_SPECIFIER = "";
				SWIFT_EMIT_LOC_STRINGS = YES;
				SWIFT_VERSION = 5.0;
				TARGETED_DEVICE_FAMILY = "1,2";
			};
			name = Release;
		};
		5F2E3E4627FD876A000EEA9A /* Debug */ = {
			isa = XCBuildConfiguration;
			buildSettings = {
				ALWAYS_EMBED_SWIFT_STANDARD_LIBRARIES = YES;
				BUNDLE_LOADER = "$(TEST_HOST)";
				CODE_SIGN_STYLE = Automatic;
				CURRENT_PROJECT_VERSION = 1;
				GENERATE_INFOPLIST_FILE = YES;
				IPHONEOS_DEPLOYMENT_TARGET = 15.0;
				LD_RUNPATH_SEARCH_PATHS = (
					"$(inherited)",
					"@executable_path/Frameworks",
					"@loader_path/Frameworks",
				);
				MARKETING_VERSION = 1.0;
				PRODUCT_BUNDLE_IDENTIFIER = M1Miage.CooknyummyTests;
				PRODUCT_NAME = "$(TARGET_NAME)";
				SWIFT_EMIT_LOC_STRINGS = NO;
				SWIFT_VERSION = 5.0;
				TARGETED_DEVICE_FAMILY = "1,2";
				TEST_HOST = "$(BUILT_PRODUCTS_DIR)/Cooknyummy.app/Cooknyummy";
			};
			name = Debug;
		};
		5F2E3E4727FD876A000EEA9A /* Release */ = {
			isa = XCBuildConfiguration;
			buildSettings = {
				ALWAYS_EMBED_SWIFT_STANDARD_LIBRARIES = YES;
				BUNDLE_LOADER = "$(TEST_HOST)";
				CODE_SIGN_STYLE = Automatic;
				CURRENT_PROJECT_VERSION = 1;
				GENERATE_INFOPLIST_FILE = YES;
				IPHONEOS_DEPLOYMENT_TARGET = 15.0;
				LD_RUNPATH_SEARCH_PATHS = (
					"$(inherited)",
					"@executable_path/Frameworks",
					"@loader_path/Frameworks",
				);
				MARKETING_VERSION = 1.0;
				PRODUCT_BUNDLE_IDENTIFIER = M1Miage.CooknyummyTests;
				PRODUCT_NAME = "$(TARGET_NAME)";
				SWIFT_EMIT_LOC_STRINGS = NO;
				SWIFT_VERSION = 5.0;
				TARGETED_DEVICE_FAMILY = "1,2";
				TEST_HOST = "$(BUILT_PRODUCTS_DIR)/Cooknyummy.app/Cooknyummy";
			};
			name = Release;
		};
		5F2E3E4927FD876A000EEA9A /* Debug */ = {
			isa = XCBuildConfiguration;
			buildSettings = {
				ALWAYS_EMBED_SWIFT_STANDARD_LIBRARIES = YES;
				CODE_SIGN_STYLE = Automatic;
				CURRENT_PROJECT_VERSION = 1;
				GENERATE_INFOPLIST_FILE = YES;
				LD_RUNPATH_SEARCH_PATHS = (
					"$(inherited)",
					"@executable_path/Frameworks",
					"@loader_path/Frameworks",
				);
				MARKETING_VERSION = 1.0;
				PRODUCT_BUNDLE_IDENTIFIER = M1Miage.CooknyummyUITests;
				PRODUCT_NAME = "$(TARGET_NAME)";
				SWIFT_EMIT_LOC_STRINGS = NO;
				SWIFT_VERSION = 5.0;
				TARGETED_DEVICE_FAMILY = "1,2";
				TEST_TARGET_NAME = Cooknyummy;
			};
			name = Debug;
		};
		5F2E3E4A27FD876A000EEA9A /* Release */ = {
			isa = XCBuildConfiguration;
			buildSettings = {
				ALWAYS_EMBED_SWIFT_STANDARD_LIBRARIES = YES;
				CODE_SIGN_STYLE = Automatic;
				CURRENT_PROJECT_VERSION = 1;
				GENERATE_INFOPLIST_FILE = YES;
				LD_RUNPATH_SEARCH_PATHS = (
					"$(inherited)",
					"@executable_path/Frameworks",
					"@loader_path/Frameworks",
				);
				MARKETING_VERSION = 1.0;
				PRODUCT_BUNDLE_IDENTIFIER = M1Miage.CooknyummyUITests;
				PRODUCT_NAME = "$(TARGET_NAME)";
				SWIFT_EMIT_LOC_STRINGS = NO;
				SWIFT_VERSION = 5.0;
				TARGETED_DEVICE_FAMILY = "1,2";
				TEST_TARGET_NAME = Cooknyummy;
			};
			name = Release;
		};
/* End XCBuildConfiguration section */

/* Begin XCConfigurationList section */
		5F2E3E1327FD8769000EEA9A /* Build configuration list for PBXProject "Cooknyummy" */ = {
			isa = XCConfigurationList;
			buildConfigurations = (
				5F2E3E4027FD876A000EEA9A /* Debug */,
				5F2E3E4127FD876A000EEA9A /* Release */,
			);
			defaultConfigurationIsVisible = 0;
			defaultConfigurationName = Release;
		};
		5F2E3E4227FD876A000EEA9A /* Build configuration list for PBXNativeTarget "Cooknyummy" */ = {
			isa = XCConfigurationList;
			buildConfigurations = (
				5F2E3E4327FD876A000EEA9A /* Debug */,
				5F2E3E4427FD876A000EEA9A /* Release */,
			);
			defaultConfigurationIsVisible = 0;
			defaultConfigurationName = Release;
		};
		5F2E3E4527FD876A000EEA9A /* Build configuration list for PBXNativeTarget "CooknyummyTests" */ = {
			isa = XCConfigurationList;
			buildConfigurations = (
				5F2E3E4627FD876A000EEA9A /* Debug */,
				5F2E3E4727FD876A000EEA9A /* Release */,
			);
			defaultConfigurationIsVisible = 0;
			defaultConfigurationName = Release;
		};
		5F2E3E4827FD876A000EEA9A /* Build configuration list for PBXNativeTarget "CooknyummyUITests" */ = {
			isa = XCConfigurationList;
			buildConfigurations = (
				5F2E3E4927FD876A000EEA9A /* Debug */,
				5F2E3E4A27FD876A000EEA9A /* Release */,
			);
			defaultConfigurationIsVisible = 0;
			defaultConfigurationName = Release;
		};
/* End XCConfigurationList section */
	};
	rootObject = 5F2E3E1027FD8769000EEA9A /* Project object */;
}
